// !$*UTF8*$!
{
	archiveVersion = 1;
	classes = {
	};
	objectVersion = 60;
	objects = {

/* Begin PBXBuildFile section */
		100000000000000000000101 /* BrainBarApp.swift in Sources */ = {isa = PBXBuildFile; fileRef = 100000000000000000000001 /* BrainBarApp.swift */; };
		100000000000000000000102 /* AppModel.swift in Sources */ = {isa = PBXBuildFile; fileRef = 100000000000000000000002 /* AppModel.swift */; };
		100000000000000000000103 /* BrainBarConfig.swift in Sources */ = {isa = PBXBuildFile; fileRef = 100000000000000000000003 /* BrainBarConfig.swift */; };
		100000000000000000000104 /* ConfigurationManager.swift in Sources */ = {isa = PBXBuildFile; fileRef = 100000000000000000000004 /* ConfigurationManager.swift */; };
		100000000000000000000105 /* CommandRunner.swift in Sources */ = {isa = PBXBuildFile; fileRef = 100000000000000000000005 /* CommandRunner.swift */; };
		100000000000000000000106 /* VaultStatusService.swift in Sources */ = {isa = PBXBuildFile; fileRef = 100000000000000000000006 /* VaultStatusService.swift */; };
		100000000000000000000107 /* GraphServerController.swift in Sources */ = {isa = PBXBuildFile; fileRef = 100000000000000000000007 /* GraphServerController.swift */; };
		100000000000000000000108 /* NotificationService.swift in Sources */ = {isa = PBXBuildFile; fileRef = 100000000000000000000008 /* NotificationService.swift */; };
		100000000000000000000109 /* DashboardView.swift in Sources */ = {isa = PBXBuildFile; fileRef = 100000000000000000000009 /* DashboardView.swift */; };
		100000000000000000000110 /* SettingsView.swift in Sources */ = {isa = PBXBuildFile; fileRef = 100000000000000000000010 /* SettingsView.swift */; };
		100000000000000000000111 /* BrainBarTests.swift in Sources */ = {isa = PBXBuildFile; fileRef = 100000000000000000000011 /* BrainBarTests.swift */; };
		100000000000000000000112 /* GraphWebView.swift in Sources */ = {isa = PBXBuildFile; fileRef = 100000000000000000000013 /* GraphWebView.swift */; };
		100000000000000000000113 /* GraphShellView.swift in Sources */ = {isa = PBXBuildFile; fileRef = 100000000000000000000014 /* GraphShellView.swift */; };
		100000000000000000000114 /* Assets.xcassets in Resources */ = {isa = PBXBuildFile; fileRef = 100000000000000000000015 /* Assets.xcassets */; };
		100000000000000000000115 /* Graph3DWebView.swift in Sources */ = {isa = PBXBuildFile; fileRef = 100000000000000000000016 /* Graph3DWebView.swift */; };
		100000000000000000000116 /* Graph3D in Resources */ = {isa = PBXBuildFile; fileRef = 100000000000000000000017 /* Graph3D */; };
		100000000000000000000117 /* Graph2D in Resources */ = {isa = PBXBuildFile; fileRef = 100000000000000000000018 /* Graph2D */; };
		100000000000000000000118 /* ReviewQueueService.swift in Sources */ = {isa = PBXBuildFile; fileRef = 100000000000000000000019 /* ReviewQueueService.swift */; };
		100000000000000000000119 /* AgentActivity.swift in Sources */ = {isa = PBXBuildFile; fileRef = 100000000000000000000022 /* AgentActivity.swift */; };
		100000000000000000000120 /* AgentActivityService.swift in Sources */ = {isa = PBXBuildFile; fileRef = 100000000000000000000023 /* AgentActivityService.swift */; };
		100000000000000000000121 /* AgentActivityCodexInstaller.swift in Sources */ = {isa = PBXBuildFile; fileRef = 100000000000000000000024 /* AgentActivityCodexInstaller.swift */; };
		100000000000000000000122 /* bin in Resources */ = {isa = PBXBuildFile; fileRef = 100000000000000000000025 /* bin */; };
		100000000000000000000123 /* AgentIntegrations in Resources */ = {isa = PBXBuildFile; fileRef = 100000000000000000000026 /* AgentIntegrations */; };
		100000000000000000000124 /* BrainBarTheme.swift in Sources */ = {isa = PBXBuildFile; fileRef = 100000000000000000000027 /* BrainBarTheme.swift */; };
		100000000000000000000125 /* AgentActivityClaudeInstaller.swift in Sources */ = {isa = PBXBuildFile; fileRef = 100000000000000000000028 /* AgentActivityClaudeInstaller.swift */; };
		100000000000000000000126 /* GraphDataStore.swift in Sources */ = {isa = PBXBuildFile; fileRef = 100000000000000000000029 /* GraphDataStore.swift */; };
		100000000000000000000127 /* SetupDoctorService.swift in Sources */ = {isa = PBXBuildFile; fileRef = 10000000000000000000002A /* SetupDoctorService.swift */; };
		100000000000000000000128 /* SavedGraphViewStore.swift in Sources */ = {isa = PBXBuildFile; fileRef = 10000000000000000000002B /* SavedGraphViewStore.swift */; };
		100000000000000000000129 /* GraphChangeRadar.swift in Sources */ = {isa = PBXBuildFile; fileRef = 10000000000000000000002C /* GraphChangeRadar.swift */; };
		10000000000000000000012A /* GraphChangeRadarService.swift in Sources */ = {isa = PBXBuildFile; fileRef = 10000000000000000000002D /* GraphChangeRadarService.swift */; };
		10000000000000000000012B /* GraphChangeRadarTests.swift in Sources */ = {isa = PBXBuildFile; fileRef = 10000000000000000000002E /* GraphChangeRadarTests.swift */; };
		10000000000000000000012C /* AgentActivityWorkflowTests.swift in Sources */ = {isa = PBXBuildFile; fileRef = 10000000000000000000002F /* AgentActivityWorkflowTests.swift */; };
		10000000000000000000012D /* GraphEvidence in Resources */ = {isa = PBXBuildFile; fileRef = 100000000000000000000040 /* GraphEvidence */; };
		10000000000000000000012E /* AgentActivityFSEventPathDecoderTests.swift in Sources */ = {isa = PBXBuildFile; fileRef = 100000000000000000000041 /* AgentActivityFSEventPathDecoderTests.swift */; };
		10000000000000000000012F /* Graph2DOfflineRuntimeTests.swift in Sources */ = {isa = PBXBuildFile; fileRef = 100000000000000000000042 /* Graph2DOfflineRuntimeTests.swift */; };
/* End PBXBuildFile section */

/* Begin PBXContainerItemProxy section */
		100000000000000000000140 /* PBXContainerItemProxy */ = {
			isa = PBXContainerItemProxy;
			containerPortal = 100000000000000000000050 /* Project object */;
			proxyType = 1;
			remoteGlobalIDString = 100000000000000000000070;
			remoteInfo = BrainBar;
		};
/* End PBXContainerItemProxy section */

/* Begin PBXFileReference section */
		100000000000000000000001 /* BrainBarApp.swift */ = {isa = PBXFileReference; lastKnownFileType = sourcecode.swift; path = BrainBarApp.swift; sourceTree = "<group>"; };
		100000000000000000000002 /* AppModel.swift */ = {isa = PBXFileReference; lastKnownFileType = sourcecode.swift; path = AppModel.swift; sourceTree = "<group>"; };
		100000000000000000000003 /* BrainBarConfig.swift */ = {isa = PBXFileReference; lastKnownFileType = sourcecode.swift; path = BrainBarConfig.swift; sourceTree = "<group>"; };
		100000000000000000000004 /* ConfigurationManager.swift */ = {isa = PBXFileReference; lastKnownFileType = sourcecode.swift; path = ConfigurationManager.swift; sourceTree = "<group>"; };
		100000000000000000000005 /* CommandRunner.swift */ = {isa = PBXFileReference; lastKnownFileType = sourcecode.swift; path = CommandRunner.swift; sourceTree = "<group>"; };
		100000000000000000000006 /* VaultStatusService.swift */ = {isa = PBXFileReference; lastKnownFileType = sourcecode.swift; path = VaultStatusService.swift; sourceTree = "<group>"; };
		100000000000000000000007 /* GraphServerController.swift */ = {isa = PBXFileReference; lastKnownFileType = sourcecode.swift; path = GraphServerController.swift; sourceTree = "<group>"; };
		100000000000000000000008 /* NotificationService.swift */ = {isa = PBXFileReference; lastKnownFileType = sourcecode.swift; path = NotificationService.swift; sourceTree = "<group>"; };
		100000000000000000000009 /* DashboardView.swift */ = {isa = PBXFileReference; lastKnownFileType = sourcecode.swift; path = DashboardView.swift; sourceTree = "<group>"; };
		100000000000000000000010 /* SettingsView.swift */ = {isa = PBXFileReference; lastKnownFileType = sourcecode.swift; path = SettingsView.swift; sourceTree = "<group>"; };
		100000000000000000000011 /* BrainBarTests.swift */ = {isa = PBXFileReference; lastKnownFileType = sourcecode.swift; path = BrainBarTests.swift; sourceTree = "<group>"; };
		100000000000000000000012 /* Info.plist */ = {isa = PBXFileReference; lastKnownFileType = text.plist.xml; path = Info.plist; sourceTree = "<group>"; };
		100000000000000000000013 /* GraphWebView.swift */ = {isa = PBXFileReference; lastKnownFileType = sourcecode.swift; path = GraphWebView.swift; sourceTree = "<group>"; };
		100000000000000000000014 /* GraphShellView.swift */ = {isa = PBXFileReference; lastKnownFileType = sourcecode.swift; path = GraphShellView.swift; sourceTree = "<group>"; };
		100000000000000000000015 /* Assets.xcassets */ = {isa = PBXFileReference; lastKnownFileType = folder.assetcatalog; path = Assets.xcassets; sourceTree = "<group>"; };
		100000000000000000000016 /* Graph3DWebView.swift */ = {isa = PBXFileReference; lastKnownFileType = sourcecode.swift; path = Graph3DWebView.swift; sourceTree = "<group>"; };
		100000000000000000000017 /* Graph3D */ = {isa = PBXFileReference; lastKnownFileType = folder; path = Graph3D; sourceTree = "<group>"; };
		100000000000000000000018 /* Graph2D */ = {isa = PBXFileReference; lastKnownFileType = folder; path = Graph2D; sourceTree = "<group>"; };
		100000000000000000000019 /* ReviewQueueService.swift */ = {isa = PBXFileReference; lastKnownFileType = sourcecode.swift; path = ReviewQueueService.swift; sourceTree = "<group>"; };
		100000000000000000000020 /* BrainBar.app */ = {isa = PBXFileReference; explicitFileType = wrapper.application; includeInIndex = 0; path = BrainBar.app; sourceTree = BUILT_PRODUCTS_DIR; };
		100000000000000000000021 /* BrainBarTests.xctest */ = {isa = PBXFileReference; explicitFileType = wrapper.cfbundle; includeInIndex = 0; path = BrainBarTests.xctest; sourceTree = BUILT_PRODUCTS_DIR; };
		100000000000000000000022 /* AgentActivity.swift */ = {isa = PBXFileReference; lastKnownFileType = sourcecode.swift; path = AgentActivity.swift; sourceTree = "<group>"; };
		100000000000000000000023 /* AgentActivityService.swift */ = {isa = PBXFileReference; lastKnownFileType = sourcecode.swift; path = AgentActivityService.swift; sourceTree = "<group>"; };
		100000000000000000000024 /* AgentActivityCodexInstaller.swift */ = {isa = PBXFileReference; lastKnownFileType = sourcecode.swift; path = AgentActivityCodexInstaller.swift; sourceTree = "<group>"; };
		100000000000000000000025 /* bin */ = {isa = PBXFileReference; lastKnownFileType = folder; path = bin; sourceTree = "<group>"; };
		100000000000000000000026 /* AgentIntegrations */ = {isa = PBXFileReference; lastKnownFileType = folder; path = AgentIntegrations; sourceTree = "<group>"; };
		100000000000000000000027 /* BrainBarTheme.swift */ = {isa = PBXFileReference; lastKnownFileType = sourcecode.swift; path = BrainBarTheme.swift; sourceTree = "<group>"; };
		100000000000000000000028 /* AgentActivityClaudeInstaller.swift */ = {isa = PBXFileReference; lastKnownFileType = sourcecode.swift; path = AgentActivityClaudeInstaller.swift; sourceTree = "<group>"; };
		100000000000000000000029 /* GraphDataStore.swift */ = {isa = PBXFileReference; lastKnownFileType = sourcecode.swift; path = GraphDataStore.swift; sourceTree = "<group>"; };
		10000000000000000000002A /* SetupDoctorService.swift */ = {isa = PBXFileReference; lastKnownFileType = sourcecode.swift; path = SetupDoctorService.swift; sourceTree = "<group>"; };
		10000000000000000000002B /* SavedGraphViewStore.swift */ = {isa = PBXFileReference; lastKnownFileType = sourcecode.swift; path = SavedGraphViewStore.swift; sourceTree = "<group>"; };
		10000000000000000000002C /* GraphChangeRadar.swift */ = {isa = PBXFileReference; lastKnownFileType = sourcecode.swift; path = GraphChangeRadar.swift; sourceTree = "<group>"; };
		10000000000000000000002D /* GraphChangeRadarService.swift */ = {isa = PBXFileReference; lastKnownFileType = sourcecode.swift; path = GraphChangeRadarService.swift; sourceTree = "<group>"; };
		10000000000000000000002E /* GraphChangeRadarTests.swift */ = {isa = PBXFileReference; lastKnownFileType = sourcecode.swift; path = GraphChangeRadarTests.swift; sourceTree = "<group>"; };
		10000000000000000000002F /* AgentActivityWorkflowTests.swift */ = {isa = PBXFileReference; lastKnownFileType = sourcecode.swift; path = AgentActivityWorkflowTests.swift; sourceTree = "<group>"; };
		100000000000000000000041 /* AgentActivityFSEventPathDecoderTests.swift */ = {isa = PBXFileReference; lastKnownFileType = sourcecode.swift; path = AgentActivityFSEventPathDecoderTests.swift; sourceTree = "<group>"; };
		100000000000000000000042 /* Graph2DOfflineRuntimeTests.swift */ = {isa = PBXFileReference; lastKnownFileType = sourcecode.swift; path = Graph2DOfflineRuntimeTests.swift; sourceTree = "<group>"; };
		100000000000000000000040 /* GraphEvidence */ = {isa = PBXFileReference; lastKnownFileType = folder; path = GraphEvidence; sourceTree = "<group>"; };
/* End PBXFileReference section */

/* Begin PBXFrameworksBuildPhase section */
		100000000000000000000060 /* Frameworks */ = {
			isa = PBXFrameworksBuildPhase;
			buildActionMask = 2147483647;
			files = (
			);
			runOnlyForDeploymentPostprocessing = 0;
		};
		100000000000000000000061 /* Frameworks */ = {
			isa = PBXFrameworksBuildPhase;
			buildActionMask = 2147483647;
			files = (
			);
			runOnlyForDeploymentPostprocessing = 0;
		};
/* End PBXFrameworksBuildPhase section */

/* Begin PBXGroup section */
		100000000000000000000030 = {
			isa = PBXGroup;
			children = (
				100000000000000000000031 /* BrainBar */,
				100000000000000000000035 /* BrainBarTests */,
				100000000000000000000036 /* Products */,
			);
			sourceTree = "<group>";
		};
		100000000000000000000031 /* BrainBar */ = {
			isa = PBXGroup;
			children = (
				100000000000000000000001 /* BrainBarApp.swift */,
				100000000000000000000002 /* AppModel.swift */,
				100000000000000000000032 /* Models */,
				100000000000000000000033 /* Services */,
				100000000000000000000034 /* Views */,
				100000000000000000000037 /* Resources */,
			);
			path = BrainBar;
			sourceTree = "<group>";
		};
		100000000000000000000032 /* Models */ = {
			isa = PBXGroup;
			children = (
				100000000000000000000003 /* BrainBarConfig.swift */,
				100000000000000000000022 /* AgentActivity.swift */,
				10000000000000000000002C /* GraphChangeRadar.swift */,
			);
			path = Models;
			sourceTree = "<group>";
		};
		100000000000000000000033 /* Services */ = {
			isa = PBXGroup;
			children = (
				100000000000000000000004 /* ConfigurationManager.swift */,
				100000000000000000000005 /* CommandRunner.swift */,
				100000000000000000000006 /* VaultStatusService.swift */,
				100000000000000000000007 /* GraphServerController.swift */,
				100000000000000000000008 /* NotificationService.swift */,
				100000000000000000000019 /* ReviewQueueService.swift */,
				100000000000000000000023 /* AgentActivityService.swift */,
				100000000000000000000024 /* AgentActivityCodexInstaller.swift */,
				100000000000000000000028 /* AgentActivityClaudeInstaller.swift */,
				100000000000000000000029 /* GraphDataStore.swift */,
				10000000000000000000002A /* SetupDoctorService.swift */,
				10000000000000000000002B /* SavedGraphViewStore.swift */,
				10000000000000000000002D /* GraphChangeRadarService.swift */,
			);
			path = Services;
			sourceTree = "<group>";
		};
		100000000000000000000034 /* Views */ = {
			isa = PBXGroup;
			children = (
				100000000000000000000009 /* DashboardView.swift */,
				100000000000000000000010 /* SettingsView.swift */,
				100000000000000000000013 /* GraphWebView.swift */,
				100000000000000000000016 /* Graph3DWebView.swift */,
				100000000000000000000014 /* GraphShellView.swift */,
				100000000000000000000027 /* BrainBarTheme.swift */,
			);
			path = Views;
			sourceTree = "<group>";
		};
		100000000000000000000035 /* BrainBarTests */ = {
			isa = PBXGroup;
			children = (
				100000000000000000000011 /* BrainBarTests.swift */,
				10000000000000000000002E /* GraphChangeRadarTests.swift */,
				10000000000000000000002F /* AgentActivityWorkflowTests.swift */,
				100000000000000000000041 /* AgentActivityFSEventPathDecoderTests.swift */,
				100000000000000000000042 /* Graph2DOfflineRuntimeTests.swift */,
			);
			path = BrainBarTests;
			sourceTree = "<group>";
		};
		100000000000000000000036 /* Products */ = {
			isa = PBXGroup;
			children = (
				100000000000000000000020 /* BrainBar.app */,
				100000000000000000000021 /* BrainBarTests.xctest */,
			);
			name = Products;
			sourceTree = "<group>";
		};
		100000000000000000000037 /* Resources */ = {
			isa = PBXGroup;
			children = (
				100000000000000000000012 /* Info.plist */,
				100000000000000000000015 /* Assets.xcassets */,
				100000000000000000000018 /* Graph2D */,
				100000000000000000000017 /* Graph3D */,
				100000000000000000000040 /* GraphEvidence */,
				100000000000000000000025 /* bin */,
				100000000000000000000026 /* AgentIntegrations */,
			);
			path = Resources;
			sourceTree = "<group>";
		};
/* End PBXGroup section */

/* Begin PBXNativeTarget section */
		100000000000000000000070 /* BrainBar */ = {
			isa = PBXNativeTarget;
			buildConfigurationList = 100000000000000000000090 /* Build configuration list for PBXNativeTarget "BrainBar" */;
			buildPhases = (
				100000000000000000000080 /* Sources */,
				100000000000000000000060 /* Frameworks */,
				100000000000000000000081 /* Resources */,
			);
			buildRules = (
			);
			dependencies = (
			);
			name = BrainBar;
			productName = BrainBar;
			productReference = 100000000000000000000020 /* BrainBar.app */;
			productType = "com.apple.product-type.application";
		};
		100000000000000000000071 /* BrainBarTests */ = {
			isa = PBXNativeTarget;
			buildConfigurationList = 100000000000000000000091 /* Build configuration list for PBXNativeTarget "BrainBarTests" */;
			buildPhases = (
				100000000000000000000082 /* Sources */,
				100000000000000000000061 /* Frameworks */,
				100000000000000000000083 /* Resources */,
			);
			buildRules = (
			);
			dependencies = (
				100000000000000000000141 /* PBXTargetDependency */,
			);
			name = BrainBarTests;
			productName = BrainBarTests;
			productReference = 100000000000000000000021 /* BrainBarTests.xctest */;
			productType = "com.apple.product-type.bundle.unit-test";
		};
/* End PBXNativeTarget section */

/* Begin PBXProject section */
		100000000000000000000050 /* Project object */ = {
			isa = PBXProject;
			attributes = {
				BuildIndependentTargetsInParallel = 1;
				LastSwiftUpdateCheck = 2630;
				LastUpgradeCheck = 2630;
				TargetAttributes = {
					100000000000000000000070 = {
						CreatedOnToolsVersion = 26.3;
					};
					100000000000000000000071 = {
						CreatedOnToolsVersion = 26.3;
						TestTargetID = 100000000000000000000070;
					};
				};
			};
			buildConfigurationList = 100000000000000000000092 /* Build configuration list for PBXProject "BrainBar" */;
			compatibilityVersion = "Xcode 15.0";
			developmentRegion = en;
			hasScannedForEncodings = 0;
			knownRegions = (
				en,
				Base,
			);
			mainGroup = 100000000000000000000030;
			productRefGroup = 100000000000000000000036 /* Products */;
			projectDirPath = "";
			projectRoot = "";
			targets = (
				100000000000000000000070 /* BrainBar */,
				100000000000000000000071 /* BrainBarTests */,
			);
		};
/* End PBXProject section */

/* Begin PBXResourcesBuildPhase section */
		100000000000000000000081 /* Resources */ = {
			isa = PBXResourcesBuildPhase;
			buildActionMask = 2147483647;
			files = (
				100000000000000000000114 /* Assets.xcassets in Resources */,
				100000000000000000000117 /* Graph2D in Resources */,
				100000000000000000000116 /* Graph3D in Resources */,
				10000000000000000000012D /* GraphEvidence in Resources */,
				100000000000000000000122 /* bin in Resources */,
				100000000000000000000123 /* AgentIntegrations in Resources */,
			);
			runOnlyForDeploymentPostprocessing = 0;
		};
		100000000000000000000083 /* Resources */ = {
			isa = PBXResourcesBuildPhase;
			buildActionMask = 2147483647;
			files = (
			);
			runOnlyForDeploymentPostprocessing = 0;
		};
/* End PBXResourcesBuildPhase section */

/* Begin PBXSourcesBuildPhase section */
		100000000000000000000080 /* Sources */ = {
			isa = PBXSourcesBuildPhase;
			buildActionMask = 2147483647;
			files = (
				100000000000000000000101 /* BrainBarApp.swift in Sources */,
				100000000000000000000102 /* AppModel.swift in Sources */,
				100000000000000000000103 /* BrainBarConfig.swift in Sources */,
				100000000000000000000104 /* ConfigurationManager.swift in Sources */,
				100000000000000000000105 /* CommandRunner.swift in Sources */,
				100000000000000000000106 /* VaultStatusService.swift in Sources */,
				100000000000000000000107 /* GraphServerController.swift in Sources */,
				100000000000000000000108 /* NotificationService.swift in Sources */,
				100000000000000000000109 /* DashboardView.swift in Sources */,
				100000000000000000000110 /* SettingsView.swift in Sources */,
				100000000000000000000112 /* GraphWebView.swift in Sources */,
				100000000000000000000115 /* Graph3DWebView.swift in Sources */,
				100000000000000000000113 /* GraphShellView.swift in Sources */,
				100000000000000000000118 /* ReviewQueueService.swift in Sources */,
				100000000000000000000119 /* AgentActivity.swift in Sources */,
				100000000000000000000120 /* AgentActivityService.swift in Sources */,
				100000000000000000000121 /* AgentActivityCodexInstaller.swift in Sources */,
				100000000000000000000125 /* AgentActivityClaudeInstaller.swift in Sources */,
				100000000000000000000124 /* BrainBarTheme.swift in Sources */,
				100000000000000000000126 /* GraphDataStore.swift in Sources */,
				100000000000000000000127 /* SetupDoctorService.swift in Sources */,
				100000000000000000000128 /* SavedGraphViewStore.swift in Sources */,
				100000000000000000000129 /* GraphChangeRadar.swift in Sources */,
				10000000000000000000012A /* GraphChangeRadarService.swift in Sources */,
			);
			runOnlyForDeploymentPostprocessing = 0;
		};
		100000000000000000000082 /* Sources */ = {
			isa = PBXSourcesBuildPhase;
			buildActionMask = 2147483647;
			files = (
				100000000000000000000111 /* BrainBarTests.swift in Sources */,
				10000000000000000000012B /* GraphChangeRadarTests.swift in Sources */,
				10000000000000000000012C /* AgentActivityWorkflowTests.swift in Sources */,
				10000000000000000000012E /* AgentActivityFSEventPathDecoderTests.swift in Sources */,
				10000000000000000000012F /* Graph2DOfflineRuntimeTests.swift in Sources */,
			);
			runOnlyForDeploymentPostprocessing = 0;
		};
/* End PBXSourcesBuildPhase section */

/* Begin PBXTargetDependency section */
		100000000000000000000141 /* PBXTargetDependency */ = {
			isa = PBXTargetDependency;
			target = 100000000000000000000070 /* BrainBar */;
			targetProxy = 100000000000000000000140 /* PBXContainerItemProxy */;
		};
/* End PBXTargetDependency section */

/* Begin XCBuildConfiguration section */
		100000000000000000000200 /* Debug */ = {
			isa = XCBuildConfiguration;
			buildSettings = {
				ALWAYS_SEARCH_USER_PATHS = NO;
				CLANG_ANALYZER_NONNULL = YES;
				CLANG_ANALYZER_NUMBER_OBJECT_CONVERSION = YES_AGGRESSIVE;
				CLANG_CXX_LANGUAGE_STANDARD = "gnu++20";
				CLANG_ENABLE_MODULES = YES;
				CLANG_ENABLE_OBJC_ARC = YES;
				CLANG_ENABLE_OBJC_WEAK = YES;
				CLANG_WARN_BLOCK_CAPTURE_AUTORELEASING = YES;
				CLANG_WARN_BOOL_CONVERSION = YES;
				CLANG_WARN_COMMA = YES;
				CLANG_WARN_CONSTANT_CONVERSION = YES;
				CLANG_WARN_DEPRECATED_OBJC_IMPLEMENTATIONS = YES;
				CLANG_WARN_DIRECT_OBJC_ISA_USAGE = YES_ERROR;
				CLANG_WARN_DOCUMENTATION_COMMENTS = YES;
				CLANG_WARN_EMPTY_BODY = YES;
				CLANG_WARN_ENUM_CONVERSION = YES;
				CLANG_WARN_INFINITE_RECURSION = YES;
				CLANG_WARN_INT_CONVERSION = YES;
				CLANG_WARN_NON_LITERAL_NULL_CONVERSION = YES;
				CLANG_WARN_OBJC_IMPLICIT_RETAIN_SELF = YES;
				CLANG_WARN_OBJC_LITERAL_CONVERSION = YES;
				CLANG_WARN_OBJC_ROOT_CLASS = YES_ERROR;
				CLANG_WARN_QUOTED_INCLUDE_IN_FRAMEWORK_HEADER = YES;
				CLANG_WARN_RANGE_LOOP_ANALYSIS = YES;
				CLANG_WARN_STRICT_PROTOTYPES = YES;
				CLANG_WARN_SUSPICIOUS_MOVE = YES;
				CLANG_WARN_UNGUARDED_AVAILABILITY = YES_AGGRESSIVE;
				CLANG_WARN_UNREACHABLE_CODE = YES;
				CLANG_WARN__DUPLICATE_METHOD_MATCH = YES;
				COPY_PHASE_STRIP = NO;
				DEBUG_INFORMATION_FORMAT = dwarf;
				ENABLE_STRICT_OBJC_MSGSEND = YES;
				ENABLE_TESTABILITY = YES;
				GCC_C_LANGUAGE_STANDARD = gnu17;
				GCC_DYNAMIC_NO_PIC = NO;
				GCC_NO_COMMON_BLOCKS = YES;
				GCC_OPTIMIZATION_LEVEL = 0;
				GCC_PREPROCESSOR_DEFINITIONS = (
					"DEBUG=1",
					"$(inherited)",
				);
				GCC_WARN_64_TO_32_BIT_CONVERSION = YES;
				GCC_WARN_ABOUT_RETURN_TYPE = YES_ERROR;
				GCC_WARN_UNDECLARED_SELECTOR = YES;
				GCC_WARN_UNINITIALIZED_AUTOS = YES_AGGRESSIVE;
				GCC_WARN_UNUSED_FUNCTION = YES;
				GCC_WARN_UNUSED_VARIABLE = YES;
				MACOSX_DEPLOYMENT_TARGET = 14.0;
				MTL_ENABLE_DEBUG_INFO = INCLUDE_SOURCE;
				MTL_FAST_MATH = YES;
				ONLY_ACTIVE_ARCH = YES;
				SDKROOT = macosx;
				SWIFT_ACTIVE_COMPILATION_CONDITIONS = DEBUG;
				SWIFT_OPTIMIZATION_LEVEL = "-Onone";
				SWIFT_VERSION = 6.0;
			};
			name = Debug;
		};
		100000000000000000000201 /* Release */ = {
			isa = XCBuildConfiguration;
			buildSettings = {
				ALWAYS_SEARCH_USER_PATHS = NO;
				CLANG_ANALYZER_NONNULL = YES;
				CLANG_ANALYZER_NUMBER_OBJECT_CONVERSION = YES_AGGRESSIVE;
				CLANG_CXX_LANGUAGE_STANDARD = "gnu++20";
				CLANG_ENABLE_MODULES = YES;
				CLANG_ENABLE_OBJC_ARC = YES;
				CLANG_ENABLE_OBJC_WEAK = YES;
				CLANG_WARN_BLOCK_CAPTURE_AUTORELEASING = YES;
				CLANG_WARN_BOOL_CONVERSION = YES;
				CLANG_WARN_COMMA = YES;
				CLANG_WARN_CONSTANT_CONVERSION = YES;
				CLANG_WARN_DEPRECATED_OBJC_IMPLEMENTATIONS = YES;
				CLANG_WARN_DIRECT_OBJC_ISA_USAGE = YES_ERROR;
				CLANG_WARN_DOCUMENTATION_COMMENTS = YES;
				CLANG_WARN_EMPTY_BODY = YES;
				CLANG_WARN_ENUM_CONVERSION = YES;
				CLANG_WARN_INFINITE_RECURSION = YES;
				CLANG_WARN_INT_CONVERSION = YES;
				CLANG_WARN_NON_LITERAL_NULL_CONVERSION = YES;
				CLANG_WARN_OBJC_IMPLICIT_RETAIN_SELF = YES;
				CLANG_WARN_OBJC_LITERAL_CONVERSION = YES;
				CLANG_WARN_OBJC_ROOT_CLASS = YES_ERROR;
				CLANG_WARN_QUOTED_INCLUDE_IN_FRAMEWORK_HEADER = YES;
				CLANG_WARN_RANGE_LOOP_ANALYSIS = YES;
				CLANG_WARN_STRICT_PROTOTYPES = YES;
				CLANG_WARN_SUSPICIOUS_MOVE = YES;
				CLANG_WARN_UNGUARDED_AVAILABILITY = YES_AGGRESSIVE;
				CLANG_WARN_UNREACHABLE_CODE = YES;
				CLANG_WARN__DUPLICATE_METHOD_MATCH = YES;
				COPY_PHASE_STRIP = NO;
				DEBUG_INFORMATION_FORMAT = "dwarf-with-dsym";
				ENABLE_NS_ASSERTIONS = NO;
				ENABLE_STRICT_OBJC_MSGSEND = YES;
				GCC_C_LANGUAGE_STANDARD = gnu17;
				GCC_NO_COMMON_BLOCKS = YES;
				GCC_WARN_64_TO_32_BIT_CONVERSION = YES;
				GCC_WARN_ABOUT_RETURN_TYPE = YES_ERROR;
				GCC_WARN_UNDECLARED_SELECTOR = YES;
				GCC_WARN_UNINITIALIZED_AUTOS = YES_AGGRESSIVE;
				GCC_WARN_UNUSED_FUNCTION = YES;
				GCC_WARN_UNUSED_VARIABLE = YES;
				MACOSX_DEPLOYMENT_TARGET = 14.0;
				MTL_ENABLE_DEBUG_INFO = NO;
				MTL_FAST_MATH = YES;
				SDKROOT = macosx;
				SWIFT_COMPILATION_MODE = wholemodule;
				SWIFT_OPTIMIZATION_LEVEL = "-O";
				SWIFT_VERSION = 6.0;
			};
			name = Release;
		};
		100000000000000000000202 /* Debug */ = {
			isa = XCBuildConfiguration;
			buildSettings = {
				ASSETCATALOG_COMPILER_APPICON_NAME = AppIcon;
				CODE_SIGN_IDENTITY = "-";
				CODE_SIGN_STYLE = Manual;
				CURRENT_PROJECT_VERSION = 19;
				GENERATE_INFOPLIST_FILE = NO;
				INFOPLIST_FILE = BrainBar/Resources/Info.plist;
				LD_RUNPATH_SEARCH_PATHS = (
					"$(inherited)",
					"@executable_path/../Frameworks",
				);
				MARKETING_VERSION = 0.10.0;
				PRODUCT_BUNDLE_IDENTIFIER = com.nova1390.brainbar;
				PRODUCT_NAME = "$(TARGET_NAME)";
				SKIP_INSTALL = NO;
				SWIFT_EMIT_LOC_STRINGS = YES;
			};
			name = Debug;
		};
		100000000000000000000203 /* Release */ = {
			isa = XCBuildConfiguration;
			buildSettings = {
				ASSETCATALOG_COMPILER_APPICON_NAME = AppIcon;
				CODE_SIGN_IDENTITY = "-";
				CODE_SIGN_STYLE = Manual;
				CURRENT_PROJECT_VERSION = 19;
				GENERATE_INFOPLIST_FILE = NO;
				INFOPLIST_FILE = BrainBar/Resources/Info.plist;
				LD_RUNPATH_SEARCH_PATHS = (
					"$(inherited)",
					"@executable_path/../Frameworks",
				);
				MARKETING_VERSION = 0.10.0;
				PRODUCT_BUNDLE_IDENTIFIER = com.nova1390.brainbar;
				PRODUCT_NAME = "$(TARGET_NAME)";
				SKIP_INSTALL = NO;
				SWIFT_EMIT_LOC_STRINGS = YES;
			};
			name = Release;
		};
		100000000000000000000204 /* Debug */ = {
			isa = XCBuildConfiguration;
			buildSettings = {
				BUNDLE_LOADER = "$(TEST_HOST)";
				CODE_SIGN_IDENTITY = "-";
				CODE_SIGN_STYLE = Manual;
				GENERATE_INFOPLIST_FILE = YES;
				LD_RUNPATH_SEARCH_PATHS = (
					"$(inherited)",
					"@executable_path/../Frameworks",
					"@loader_path/../Frameworks",
				);
				PRODUCT_BUNDLE_IDENTIFIER = com.nova1390.brainbar.tests;
				PRODUCT_NAME = "$(TARGET_NAME)";
				SKIP_INSTALL = YES;
				TEST_HOST = "$(BUILT_PRODUCTS_DIR)/BrainBar.app/Contents/MacOS/BrainBar";
			};
			name = Debug;
		};
		100000000000000000000205 /* Release */ = {
			isa = XCBuildConfiguration;
			buildSettings = {
				BUNDLE_LOADER = "$(TEST_HOST)";
				CODE_SIGN_IDENTITY = "-";
				CODE_SIGN_STYLE = Manual;
				GENERATE_INFOPLIST_FILE = YES;
				LD_RUNPATH_SEARCH_PATHS = (
					"$(inherited)",
					"@executable_path/../Frameworks",
					"@loader_path/../Frameworks",
				);
				PRODUCT_BUNDLE_IDENTIFIER = com.nova1390.brainbar.tests;
				PRODUCT_NAME = "$(TARGET_NAME)";
				SKIP_INSTALL = YES;
				TEST_HOST = "$(BUILT_PRODUCTS_DIR)/BrainBar.app/Contents/MacOS/BrainBar";
			};
			name = Release;
		};
/* End XCBuildConfiguration section */

/* Begin XCConfigurationList section */
		100000000000000000000090 /* Build configuration list for PBXNativeTarget "BrainBar" */ = {
			isa = XCConfigurationList;
			buildConfigurations = (
				100000000000000000000202 /* Debug */,
				100000000000000000000203 /* Release */,
			);
			defaultConfigurationIsVisible = 0;
			defaultConfigurationName = Release;
		};
		100000000000000000000091 /* Build configuration list for PBXNativeTarget "BrainBarTests" */ = {
			isa = XCConfigurationList;
			buildConfigurations = (
				100000000000000000000204 /* Debug */,
				100000000000000000000205 /* Release */,
			);
			defaultConfigurationIsVisible = 0;
			defaultConfigurationName = Release;
		};
		100000000000000000000092 /* Build configuration list for PBXProject "BrainBar" */ = {
			isa = XCConfigurationList;
			buildConfigurations = (
				100000000000000000000200 /* Debug */,
				100000000000000000000201 /* Release */,
			);
			defaultConfigurationIsVisible = 0;
			defaultConfigurationName = Release;
		};
/* End XCConfigurationList section */
	};
	rootObject = 100000000000000000000050 /* Project object */;
}
